
Microsoft Visual Studio Solution File, Format Version 12.00
# Visual Studio Version 17
VisualStudioVersion = 17.11.35327.3
MinimumVisualStudioVersion = 10.0.40219.1
Project("{FAE04EC0-301F-11D3-BF4B-00C04F79EFBC}") = "Dashboard", "Dashboard\Dashboard.csproj", "{84B81AD8-FB00-4A46-BD52-79EF125B08F3}"
EndProject
Global
	GlobalSection(SolutionConfigurationPlatforms) = preSolution
		Debug|Any CPU = Debug|Any CPU
		Release|Any CPU = Release|Any CPU
	EndGlobalSection
	GlobalSection(ProjectConfigurationPlatforms) = postSolution
		{84B81AD8-FB00-4A46-BD52-79EF125B08F3}.Debug|Any CPU.ActiveCfg = Debug|Any CPU
		{84B81AD8-FB00-4A46-BD52-79EF125B08F3}.Debug|Any CPU.Build.0 = Debug|Any CPU
		{84B81AD8-FB00-4A46-BD52-79EF125B08F3}.Release|Any CPU.ActiveCfg = Release|Any CPU
		{84B81AD8-FB00-4A46-BD52-79EF125B08F3}.Release|Any CPU.Build.0 = Release|Any CPU
	EndGlobalSection
	GlobalSection(SolutionProperties) = preSolution
		HideSolutionNode = FALSE
	EndGlobalSection
	GlobalSection(ExtensibilityGlobals) = postSolution
		SolutionGuid = {2A4A24EA-19D1-41E0-BF90-AB08D811CED3}
	EndGlobalSection
EndGlobal
